{
  "name": "assets",
  "lockfileVersion": 2,
  "requires": true,
  "packages": {
    "": {
      "dependencies": {
        "@hotwired/turbo": "^7.0.1"
      }
    },
    "node_modules/@hotwired/turbo": {
      "version": "7.0.1",
      "resolved": "https://registry.npmjs.org/@hotwired/turbo/-/turbo-7.0.1.tgz",
      "integrity": "sha512-awqraytYXbHV2NT0WAOnDDDGJeHHnFtnztdXvRuIqgsStUtPKM8B9H7ISm77SwbHemEjxEOB8Ku4RfNbEEXsPQ=="
    }
  },
  "dependencies": {
    "@hotwired/turbo": {
      "version": "7.0.1",
      "resolved": "https://registry.npmjs.org/@hotwired/turbo/-/turbo-7.0.1.tgz",
      "integrity": "sha512-awqraytYXbHV2NT0WAOnDDDGJeHHnFtnztdXvRuIqgsStUtPKM8B9H7ISm77SwbHemEjxEOB8Ku4RfNbEEXsPQ=="
    }
  }
}
